// !$*UTF8*$!
{
	archiveVersion = 1;
	classes = {
	};
	objectVersion = 56;
	objects = {

/* Begin PBXBuildFile section */
		6215134E29D211AA003803F4 /* BitatioApp.swift in Sources */ = {isa = PBXBuildFile; fileRef = 6215134D29D211AA003803F4 /* BitatioApp.swift */; };
		6215135029D211AA003803F4 /* ContentView.swift in Sources */ = {isa = PBXBuildFile; fileRef = 6215134F29D211AA003803F4 /* ContentView.swift */; };
		6215135229D211AE003803F4 /* Assets.xcassets in Resources */ = {isa = PBXBuildFile; fileRef = 6215135129D211AE003803F4 /* Assets.xcassets */; };
		6215135529D211AE003803F4 /* Preview Assets.xcassets in Resources */ = {isa = PBXBuildFile; fileRef = 6215135429D211AE003803F4 /* Preview Assets.xcassets */; };
		6215135E29D21340003803F4 /* WelcomeScreen.swift in Sources */ = {isa = PBXBuildFile; fileRef = 6215135D29D21340003803F4 /* WelcomeScreen.swift */; };
		6215136029D21378003803F4 /* LoginView.swift in Sources */ = {isa = PBXBuildFile; fileRef = 6215135F29D21378003803F4 /* LoginView.swift */; };
		6215136229D21387003803F4 /* RegisterView.swift in Sources */ = {isa = PBXBuildFile; fileRef = 6215136129D21387003803F4 /* RegisterView.swift */; };
		6215136529D215CC003803F4 /* AuthManager.swift in Sources */ = {isa = PBXBuildFile; fileRef = 6215136429D215CC003803F4 /* AuthManager.swift */; };
		6215136829D21912003803F4 /* Supabase in Frameworks */ = {isa = PBXBuildFile; productRef = 6215136729D21912003803F4 /* Supabase */; };
		6215136A29D21A06003803F4 /* Secrets.swift in Sources */ = {isa = PBXBuildFile; fileRef = 6215136929D21A06003803F4 /* Secrets.swift */; };
		6227B14029E5B0380036041C /* CreateGroupView.swift in Sources */ = {isa = PBXBuildFile; fileRef = 6227B13F29E5B0380036041C /* CreateGroupView.swift */; };
		62303C0B29DF662000E6A338 /* ErrorView.swift in Sources */ = {isa = PBXBuildFile; fileRef = 62303C0A29DF662000E6A338 /* ErrorView.swift */; };
		62303C0E29DF6EB800E6A338 /* Profile.swift in Sources */ = {isa = PBXBuildFile; fileRef = 62303C0D29DF6EB800E6A338 /* Profile.swift */; };
		6255550E29DB14BD000611BD /* HomeScreen.swift in Sources */ = {isa = PBXBuildFile; fileRef = 6255550D29DB14BD000611BD /* HomeScreen.swift */; };
		62A92A872A4D835C00FE19FF /* GroupDataView.swift in Sources */ = {isa = PBXBuildFile; fileRef = 62A92A862A4D835C00FE19FF /* GroupDataView.swift */; };
		62A92A8C2A4D845100FE19FF /* HomeDetailsView.swift in Sources */ = {isa = PBXBuildFile; fileRef = 62A92A882A4D845100FE19FF /* HomeDetailsView.swift */; };
		62A92A8D2A4D845100FE19FF /* HomeCalendarView.swift in Sources */ = {isa = PBXBuildFile; fileRef = 62A92A892A4D845100FE19FF /* HomeCalendarView.swift */; };
		62A92A8E2A4D845100FE19FF /* HomeCompostView.swift in Sources */ = {isa = PBXBuildFile; fileRef = 62A92A8A2A4D845100FE19FF /* HomeCompostView.swift */; };
		62A92A8F2A4D845100FE19FF /* HomeConciergeView.swift in Sources */ = {isa = PBXBuildFile; fileRef = 62A92A8B2A4D845100FE19FF /* HomeConciergeView.swift */; };
		62A92A912A4D877700FE19FF /* PDFKitView.swift in Sources */ = {isa = PBXBuildFile; fileRef = 62A92A902A4D877700FE19FF /* PDFKitView.swift */; };
		62A92A942A4D8A1E00FE19FF /* ConciergeView.swift in Sources */ = {isa = PBXBuildFile; fileRef = 62A92A932A4D8A1E00FE19FF /* ConciergeView.swift */; };
		62A92A972A4D8A3E00FE19FF /* DetailsView.swift in Sources */ = {isa = PBXBuildFile; fileRef = 62A92A962A4D8A3E00FE19FF /* DetailsView.swift */; };
		62A92A9A2A4D8A6E00FE19FF /* CalendarView.swift in Sources */ = {isa = PBXBuildFile; fileRef = 62A92A992A4D8A6E00FE19FF /* CalendarView.swift */; };
		62AFE98829D2FC5B00714AD5 /* ProfileScreen.swift in Sources */ = {isa = PBXBuildFile; fileRef = 62AFE98729D2FC5B00714AD5 /* ProfileScreen.swift */; };
		62D0FD8129DCA85C00F82F12 /* UserManager.swift in Sources */ = {isa = PBXBuildFile; fileRef = 62D0FD8029DCA85C00F82F12 /* UserManager.swift */; };
		62F8AE1929DF3B7A00C7AE03 /* ErrorManager.swift in Sources */ = {isa = PBXBuildFile; fileRef = 62F8AE1829DF3B7A00C7AE03 /* ErrorManager.swift */; };
/* End PBXBuildFile section */

/* Begin PBXFileReference section */
		6215134A29D211AA003803F4 /* Bitatio.app */ = {isa = PBXFileReference; explicitFileType = wrapper.application; includeInIndex = 0; path = Bitatio.app; sourceTree = BUILT_PRODUCTS_DIR; };
		6215134D29D211AA003803F4 /* BitatioApp.swift */ = {isa = PBXFileReference; lastKnownFileType = sourcecode.swift; path = BitatioApp.swift; sourceTree = "<group>"; };
		6215134F29D211AA003803F4 /* ContentView.swift */ = {isa = PBXFileReference; lastKnownFileType = sourcecode.swift; path = ContentView.swift; sourceTree = "<group>"; };
		6215135129D211AE003803F4 /* Assets.xcassets */ = {isa = PBXFileReference; lastKnownFileType = folder.assetcatalog; path = Assets.xcassets; sourceTree = "<group>"; };
		6215135429D211AE003803F4 /* Preview Assets.xcassets */ = {isa = PBXFileReference; lastKnownFileType = folder.assetcatalog; path = "Preview Assets.xcassets"; sourceTree = "<group>"; };
		6215135D29D21340003803F4 /* WelcomeScreen.swift */ = {isa = PBXFileReference; lastKnownFileType = sourcecode.swift; path = WelcomeScreen.swift; sourceTree = "<group>"; };
		6215135F29D21378003803F4 /* LoginView.swift */ = {isa = PBXFileReference; lastKnownFileType = sourcecode.swift; path = LoginView.swift; sourceTree = "<group>"; };
		6215136129D21387003803F4 /* RegisterView.swift */ = {isa = PBXFileReference; lastKnownFileType = sourcecode.swift; path = RegisterView.swift; sourceTree = "<group>"; };
		6215136429D215CC003803F4 /* AuthManager.swift */ = {isa = PBXFileReference; lastKnownFileType = sourcecode.swift; path = AuthManager.swift; sourceTree = "<group>"; };
		6215136929D21A06003803F4 /* Secrets.swift */ = {isa = PBXFileReference; lastKnownFileType = sourcecode.swift; path = Secrets.swift; sourceTree = "<group>"; };
		6227B13F29E5B0380036041C /* CreateGroupView.swift */ = {isa = PBXFileReference; lastKnownFileType = sourcecode.swift; path = CreateGroupView.swift; sourceTree = "<group>"; };
		62303C0A29DF662000E6A338 /* ErrorView.swift */ = {isa = PBXFileReference; lastKnownFileType = sourcecode.swift; path = ErrorView.swift; sourceTree = "<group>"; };
		62303C0D29DF6EB800E6A338 /* Profile.swift */ = {isa = PBXFileReference; lastKnownFileType = sourcecode.swift; path = Profile.swift; sourceTree = "<group>"; };
		6255550D29DB14BD000611BD /* HomeScreen.swift */ = {isa = PBXFileReference; lastKnownFileType = sourcecode.swift; path = HomeScreen.swift; sourceTree = "<group>"; };
		62A92A862A4D835C00FE19FF /* GroupDataView.swift */ = {isa = PBXFileReference; lastKnownFileType = sourcecode.swift; path = GroupDataView.swift; sourceTree = "<group>"; };
		62A92A882A4D845100FE19FF /* HomeDetailsView.swift */ = {isa = PBXFileReference; fileEncoding = 4; lastKnownFileType = sourcecode.swift; name = HomeDetailsView.swift; path = "../../../../Bitatio-broken-again/Bitatio/Features/Home/Views/HomeDetailsView.swift"; sourceTree = "<group>"; };
		62A92A892A4D845100FE19FF /* HomeCalendarView.swift */ = {isa = PBXFileReference; fileEncoding = 4; lastKnownFileType = sourcecode.swift; name = HomeCalendarView.swift; path = "../../../../Bitatio-broken-again/Bitatio/Features/Home/Views/HomeCalendarView.swift"; sourceTree = "<group>"; };
		62A92A8A2A4D845100FE19FF /* HomeCompostView.swift */ = {isa = PBXFileReference; fileEncoding = 4; lastKnownFileType = sourcecode.swift; name = HomeCompostView.swift; path = "../../../../Bitatio-broken-again/Bitatio/Features/Home/Views/HomeCompostView.swift"; sourceTree = "<group>"; };
		62A92A8B2A4D845100FE19FF /* HomeConciergeView.swift */ = {isa = PBXFileReference; fileEncoding = 4; lastKnownFileType = sourcecode.swift; name = HomeConciergeView.swift; path = "../../../../Bitatio-broken-again/Bitatio/Features/Home/Views/HomeConciergeView.swift"; sourceTree = "<group>"; };
		62A92A902A4D877700FE19FF /* PDFKitView.swift */ = {isa = PBXFileReference; lastKnownFileType = sourcecode.swift; path = PDFKitView.swift; sourceTree = "<group>"; };
		62A92A932A4D8A1E00FE19FF /* ConciergeView.swift */ = {isa = PBXFileReference; fileEncoding = 4; lastKnownFileType = sourcecode.swift; name = ConciergeView.swift; path = "../../../../Bitatio-broken-again/Bitatio/Views/ConciergeView.swift"; sourceTree = "<group>"; };
		62A92A962A4D8A3E00FE19FF /* DetailsView.swift */ = {isa = PBXFileReference; fileEncoding = 4; lastKnownFileType = sourcecode.swift; name = DetailsView.swift; path = "../../../../Bitatio-broken-again/Bitatio/Views/DetailsView.swift"; sourceTree = "<group>"; };
		62A92A992A4D8A6E00FE19FF /* CalendarView.swift */ = {isa = PBXFileReference; fileEncoding = 4; lastKnownFileType = sourcecode.swift; name = CalendarView.swift; path = "../../../../Bitatio-broken-again/Bitatio/Views/CalendarView.swift"; sourceTree = "<group>"; };
		62AFE98729D2FC5B00714AD5 /* ProfileScreen.swift */ = {isa = PBXFileReference; lastKnownFileType = sourcecode.swift; path = ProfileScreen.swift; sourceTree = "<group>"; };
		62D0FD8029DCA85C00F82F12 /* UserManager.swift */ = {isa = PBXFileReference; lastKnownFileType = sourcecode.swift; path = UserManager.swift; sourceTree = "<group>"; };
		62F8AE1829DF3B7A00C7AE03 /* ErrorManager.swift */ = {isa = PBXFileReference; lastKnownFileType = sourcecode.swift; path = ErrorManager.swift; sourceTree = "<group>"; };
/* End PBXFileReference section */

/* Begin PBXFrameworksBuildPhase section */
		6215134729D211AA003803F4 /* Frameworks */ = {
			isa = PBXFrameworksBuildPhase;
			buildActionMask = 2147483647;
			files = (
				6215136829D21912003803F4 /* Supabase in Frameworks */,
			);
			runOnlyForDeploymentPostprocessing = 0;
		};
/* End PBXFrameworksBuildPhase section */

/* Begin PBXGroup section */
		6215134129D211AA003803F4 = {
			isa = PBXGroup;
			children = (
				6215134C29D211AA003803F4 /* Bitatio */,
				6215134B29D211AA003803F4 /* Products */,
			);
			sourceTree = "<group>";
		};
		6215134B29D211AA003803F4 /* Products */ = {
			isa = PBXGroup;
			children = (
				6215134A29D211AA003803F4 /* Bitatio.app */,
			);
			name = Products;
			sourceTree = "<group>";
		};
		6215134C29D211AA003803F4 /* Bitatio */ = {
			isa = PBXGroup;
			children = (
				62303C0C29DF6EA700E6A338 /* Models */,
				62F8AE1529DEF7FE00C7AE03 /* Managers */,
				6215135B29D21323003803F4 /* Views */,
				6215134D29D211AA003803F4 /* BitatioApp.swift */,
				6215135129D211AE003803F4 /* Assets.xcassets */,
				6215135329D211AE003803F4 /* Preview Content */,
				6215136929D21A06003803F4 /* Secrets.swift */,
			);
			path = Bitatio;
			sourceTree = "<group>";
		};
		6215135329D211AE003803F4 /* Preview Content */ = {
			isa = PBXGroup;
			children = (
				6215135429D211AE003803F4 /* Preview Assets.xcassets */,
			);
			path = "Preview Content";
			sourceTree = "<group>";
		};
		6215135B29D21323003803F4 /* Views */ = {
			isa = PBXGroup;
			children = (
				62A92A982A4D8A4E00FE19FF /* Calendar */,
				62A92A952A4D8A2600FE19FF /* Summary */,
				62A92A922A4D8A0400FE19FF /* Concierge */,
				62303C0729DF65E800E6A338 /* Error */,
				6215135C29D2132A003803F4 /* Welcome */,
				6246D7C129D23032009EA447 /* Home */,
				6246D7C229D2306B009EA447 /* Profile */,
				62A92A902A4D877700FE19FF /* PDFKitView.swift */,
				6215134F29D211AA003803F4 /* ContentView.swift */,
			);
			path = Views;
			sourceTree = "<group>";
		};
		6215135C29D2132A003803F4 /* Welcome */ = {
			isa = PBXGroup;
			children = (
				6215135D29D21340003803F4 /* WelcomeScreen.swift */,
				6215135F29D21378003803F4 /* LoginView.swift */,
				6215136129D21387003803F4 /* RegisterView.swift */,
			);
			path = Welcome;
			sourceTree = "<group>";
		};
		62303C0729DF65E800E6A338 /* Error */ = {
			isa = PBXGroup;
			children = (
				62303C0A29DF662000E6A338 /* ErrorView.swift */,
			);
			path = Error;
			sourceTree = "<group>";
		};
		62303C0C29DF6EA700E6A338 /* Models */ = {
			isa = PBXGroup;
			children = (
				62303C0D29DF6EB800E6A338 /* Profile.swift */,
			);
			path = Models;
			sourceTree = "<group>";
		};
		6246D7C129D23032009EA447 /* Home */ = {
			isa = PBXGroup;
			children = (
				62A92A892A4D845100FE19FF /* HomeCalendarView.swift */,
				62A92A8A2A4D845100FE19FF /* HomeCompostView.swift */,
				62A92A8B2A4D845100FE19FF /* HomeConciergeView.swift */,
				62A92A882A4D845100FE19FF /* HomeDetailsView.swift */,
				6255550D29DB14BD000611BD /* HomeScreen.swift */,
				6227B13F29E5B0380036041C /* CreateGroupView.swift */,
				62A92A862A4D835C00FE19FF /* GroupDataView.swift */,
			);
			path = Home;
			sourceTree = "<group>";
		};
		6246D7C229D2306B009EA447 /* Profile */ = {
			isa = PBXGroup;
			children = (
				62AFE98729D2FC5B00714AD5 /* ProfileScreen.swift */,
			);
			path = Profile;
			sourceTree = "<group>";
		};
		62A92A922A4D8A0400FE19FF /* Concierge */ = {
			isa = PBXGroup;
			children = (
				62A92A932A4D8A1E00FE19FF /* ConciergeView.swift */,
			);
			path = Concierge;
			sourceTree = "<group>";
		};
		62A92A952A4D8A2600FE19FF /* Summary */ = {
			isa = PBXGroup;
			children = (
				62A92A962A4D8A3E00FE19FF /* DetailsView.swift */,
			);
			path = Summary;
			sourceTree = "<group>";
		};
		62A92A982A4D8A4E00FE19FF /* Calendar */ = {
			isa = PBXGroup;
			children = (
				62A92A992A4D8A6E00FE19FF /* CalendarView.swift */,
			);
			path = Calendar;
			sourceTree = "<group>";
		};
		62F8AE1529DEF7FE00C7AE03 /* Managers */ = {
			isa = PBXGroup;
			children = (
				6215136429D215CC003803F4 /* AuthManager.swift */,
				62D0FD8029DCA85C00F82F12 /* UserManager.swift */,
				62F8AE1829DF3B7A00C7AE03 /* ErrorManager.swift */,
			);
			path = Managers;
			sourceTree = "<group>";
		};
/* End PBXGroup section */

/* Begin PBXNativeTarget section */
		6215134929D211AA003803F4 /* Bitatio */ = {
			isa = PBXNativeTarget;
			buildConfigurationList = 6215135829D211AE003803F4 /* Build configuration list for PBXNativeTarget "Bitatio" */;
			buildPhases = (
				6215134629D211AA003803F4 /* Sources */,
				6215134729D211AA003803F4 /* Frameworks */,
				6215134829D211AA003803F4 /* Resources */,
			);
			buildRules = (
			);
			dependencies = (
			);
			name = Bitatio;
			packageProductDependencies = (
				6215136729D21912003803F4 /* Supabase */,
			);
			productName = Bitatio;
			productReference = 6215134A29D211AA003803F4 /* Bitatio.app */;
			productType = "com.apple.product-type.application";
		};
/* End PBXNativeTarget section */

/* Begin PBXProject section */
		6215134229D211AA003803F4 /* Project object */ = {
			isa = PBXProject;
			attributes = {
				BuildIndependentTargetsInParallel = 1;
				LastSwiftUpdateCheck = 1420;
				LastUpgradeCheck = 1420;
				TargetAttributes = {
					6215134929D211AA003803F4 = {
						CreatedOnToolsVersion = 14.2;
					};
				};
			};
			buildConfigurationList = 6215134529D211AA003803F4 /* Build configuration list for PBXProject "Bitatio" */;
			compatibilityVersion = "Xcode 14.0";
			developmentRegion = en;
			hasScannedForEncodings = 0;
			knownRegions = (
				en,
				Base,
			);
			mainGroup = 6215134129D211AA003803F4;
			packageReferences = (
				6215136629D21912003803F4 /* XCRemoteSwiftPackageReference "supabase-swift" */,
			);
			productRefGroup = 6215134B29D211AA003803F4 /* Products */;
			projectDirPath = "";
			projectRoot = "";
			targets = (
				6215134929D211AA003803F4 /* Bitatio */,
			);
		};
/* End PBXProject section */

/* Begin PBXResourcesBuildPhase section */
		6215134829D211AA003803F4 /* Resources */ = {
			isa = PBXResourcesBuildPhase;
			buildActionMask = 2147483647;
			files = (
				6215135529D211AE003803F4 /* Preview Assets.xcassets in Resources */,
				6215135229D211AE003803F4 /* Assets.xcassets in Resources */,
			);
			runOnlyForDeploymentPostprocessing = 0;
		};
/* End PBXResourcesBuildPhase section */

/* Begin PBXSourcesBuildPhase section */
		6215134629D211AA003803F4 /* Sources */ = {
			isa = PBXSourcesBuildPhase;
			buildActionMask = 2147483647;
			files = (
				62AFE98829D2FC5B00714AD5 /* ProfileScreen.swift in Sources */,
				62D0FD8129DCA85C00F82F12 /* UserManager.swift in Sources */,
				62A92A9A2A4D8A6E00FE19FF /* CalendarView.swift in Sources */,
				6215135029D211AA003803F4 /* ContentView.swift in Sources */,
				62303C0E29DF6EB800E6A338 /* Profile.swift in Sources */,
				62A92A872A4D835C00FE19FF /* GroupDataView.swift in Sources */,
				6227B14029E5B0380036041C /* CreateGroupView.swift in Sources */,
				62A92A942A4D8A1E00FE19FF /* ConciergeView.swift in Sources */,
				6215136029D21378003803F4 /* LoginView.swift in Sources */,
				62F8AE1929DF3B7A00C7AE03 /* ErrorManager.swift in Sources */,
				6215136A29D21A06003803F4 /* Secrets.swift in Sources */,
				6215136529D215CC003803F4 /* AuthManager.swift in Sources */,
				62A92A8C2A4D845100FE19FF /* HomeDetailsView.swift in Sources */,
				62303C0B29DF662000E6A338 /* ErrorView.swift in Sources */,
				6215136229D21387003803F4 /* RegisterView.swift in Sources */,
				62A92A912A4D877700FE19FF /* PDFKitView.swift in Sources */,
				62A92A8F2A4D845100FE19FF /* HomeConciergeView.swift in Sources */,
				6215135E29D21340003803F4 /* WelcomeScreen.swift in Sources */,
				62A92A972A4D8A3E00FE19FF /* DetailsView.swift in Sources */,
				6255550E29DB14BD000611BD /* HomeScreen.swift in Sources */,
				62A92A8D2A4D845100FE19FF /* HomeCalendarView.swift in Sources */,
				6215134E29D211AA003803F4 /* BitatioApp.swift in Sources */,
				62A92A8E2A4D845100FE19FF /* HomeCompostView.swift in Sources */,
			);
			runOnlyForDeploymentPostprocessing = 0;
		};
/* End PBXSourcesBuildPhase section */

/* Begin XCBuildConfiguration section */
		6215135629D211AE003803F4 /* Debug */ = {
			isa = XCBuildConfiguration;
			buildSettings = {
				ALWAYS_SEARCH_USER_PATHS = NO;
				CLANG_ANALYZER_NONNULL = YES;
				CLANG_ANALYZER_NUMBER_OBJECT_CONVERSION = YES_AGGRESSIVE;
				CLANG_CXX_LANGUAGE_STANDARD = "gnu++20";
				CLANG_ENABLE_MODULES = YES;
				CLANG_ENABLE_OBJC_ARC = YES;
				CLANG_ENABLE_OBJC_WEAK = YES;
				CLANG_WARN_BLOCK_CAPTURE_AUTORELEASING = YES;
				CLANG_WARN_BOOL_CONVERSION = YES;
				CLANG_WARN_COMMA = YES;
				CLANG_WARN_CONSTANT_CONVERSION = YES;
				CLANG_WARN_DEPRECATED_OBJC_IMPLEMENTATIONS = YES;
				CLANG_WARN_DIRECT_OBJC_ISA_USAGE = YES_ERROR;
				CLANG_WARN_DOCUMENTATION_COMMENTS = YES;
				CLANG_WARN_EMPTY_BODY = YES;
				CLANG_WARN_ENUM_CONVERSION = YES;
				CLANG_WARN_INFINITE_RECURSION = YES;
				CLANG_WARN_INT_CONVERSION = YES;
				CLANG_WARN_NON_LITERAL_NULL_CONVERSION = YES;
				CLANG_WARN_OBJC_IMPLICIT_RETAIN_SELF = YES;
				CLANG_WARN_OBJC_LITERAL_CONVERSION = YES;
				CLANG_WARN_OBJC_ROOT_CLASS = YES_ERROR;
				CLANG_WARN_QUOTED_INCLUDE_IN_FRAMEWORK_HEADER = YES;
				CLANG_WARN_RANGE_LOOP_ANALYSIS = YES;
				CLANG_WARN_STRICT_PROTOTYPES = YES;
				CLANG_WARN_SUSPICIOUS_MOVE = YES;
				CLANG_WARN_UNGUARDED_AVAILABILITY = YES_AGGRESSIVE;
				CLANG_WARN_UNREACHABLE_CODE = YES;
				CLANG_WARN__DUPLICATE_METHOD_MATCH = YES;
				COPY_PHASE_STRIP = NO;
				DEBUG_INFORMATION_FORMAT = dwarf;
				ENABLE_STRICT_OBJC_MSGSEND = YES;
				ENABLE_TESTABILITY = YES;
				GCC_C_LANGUAGE_STANDARD = gnu11;
				GCC_DYNAMIC_NO_PIC = NO;
				GCC_NO_COMMON_BLOCKS = YES;
				GCC_OPTIMIZATION_LEVEL = 0;
				GCC_PREPROCESSOR_DEFINITIONS = (
					"DEBUG=1",
					"$(inherited)",
				);
				GCC_WARN_64_TO_32_BIT_CONVERSION = YES;
				GCC_WARN_ABOUT_RETURN_TYPE = YES_ERROR;
				GCC_WARN_UNDECLARED_SELECTOR = YES;
				GCC_WARN_UNINITIALIZED_AUTOS = YES_AGGRESSIVE;
				GCC_WARN_UNUSED_FUNCTION = YES;
				GCC_WARN_UNUSED_VARIABLE = YES;
				IPHONEOS_DEPLOYMENT_TARGET = 16.2;
				MTL_ENABLE_DEBUG_INFO = INCLUDE_SOURCE;
				MTL_FAST_MATH = YES;
				ONLY_ACTIVE_ARCH = YES;
				SDKROOT = iphoneos;
				SWIFT_ACTIVE_COMPILATION_CONDITIONS = DEBUG;
				SWIFT_OPTIMIZATION_LEVEL = "-Onone";
			};
			name = Debug;
		};
		6215135729D211AE003803F4 /* Release */ = {
			isa = XCBuildConfiguration;
			buildSettings = {
				ALWAYS_SEARCH_USER_PATHS = NO;
				CLANG_ANALYZER_NONNULL = YES;
				CLANG_ANALYZER_NUMBER_OBJECT_CONVERSION = YES_AGGRESSIVE;
				CLANG_CXX_LANGUAGE_STANDARD = "gnu++20";
				CLANG_ENABLE_MODULES = YES;
				CLANG_ENABLE_OBJC_ARC = YES;
				CLANG_ENABLE_OBJC_WEAK = YES;
				CLANG_WARN_BLOCK_CAPTURE_AUTORELEASING = YES;
				CLANG_WARN_BOOL_CONVERSION = YES;
				CLANG_WARN_COMMA = YES;
				CLANG_WARN_CONSTANT_CONVERSION = YES;
				CLANG_WARN_DEPRECATED_OBJC_IMPLEMENTATIONS = YES;
				CLANG_WARN_DIRECT_OBJC_ISA_USAGE = YES_ERROR;
				CLANG_WARN_DOCUMENTATION_COMMENTS = YES;
				CLANG_WARN_EMPTY_BODY = YES;
				CLANG_WARN_ENUM_CONVERSION = YES;
				CLANG_WARN_INFINITE_RECURSION = YES;
				CLANG_WARN_INT_CONVERSION = YES;
				CLANG_WARN_NON_LITERAL_NULL_CONVERSION = YES;
				CLANG_WARN_OBJC_IMPLICIT_RETAIN_SELF = YES;
				CLANG_WARN_OBJC_LITERAL_CONVERSION = YES;
				CLANG_WARN_OBJC_ROOT_CLASS = YES_ERROR;
				CLANG_WARN_QUOTED_INCLUDE_IN_FRAMEWORK_HEADER = YES;
				CLANG_WARN_RANGE_LOOP_ANALYSIS = YES;
				CLANG_WARN_STRICT_PROTOTYPES = YES;
				CLANG_WARN_SUSPICIOUS_MOVE = YES;
				CLANG_WARN_UNGUARDED_AVAILABILITY = YES_AGGRESSIVE;
				CLANG_WARN_UNREACHABLE_CODE = YES;
				CLANG_WARN__DUPLICATE_METHOD_MATCH = YES;
				COPY_PHASE_STRIP = NO;
				DEBUG_INFORMATION_FORMAT = "dwarf-with-dsym";
				ENABLE_NS_ASSERTIONS = NO;
				ENABLE_STRICT_OBJC_MSGSEND = YES;
				GCC_C_LANGUAGE_STANDARD = gnu11;
				GCC_NO_COMMON_BLOCKS = YES;
				GCC_WARN_64_TO_32_BIT_CONVERSION = YES;
				GCC_WARN_ABOUT_RETURN_TYPE = YES_ERROR;
				GCC_WARN_UNDECLARED_SELECTOR = YES;
				GCC_WARN_UNINITIALIZED_AUTOS = YES_AGGRESSIVE;
				GCC_WARN_UNUSED_FUNCTION = YES;
				GCC_WARN_UNUSED_VARIABLE = YES;
				IPHONEOS_DEPLOYMENT_TARGET = 16.2;
				MTL_ENABLE_DEBUG_INFO = NO;
				MTL_FAST_MATH = YES;
				SDKROOT = iphoneos;
				SWIFT_COMPILATION_MODE = wholemodule;
				SWIFT_OPTIMIZATION_LEVEL = "-O";
				VALIDATE_PRODUCT = YES;
			};
			name = Release;
		};
		6215135929D211AE003803F4 /* Debug */ = {
			isa = XCBuildConfiguration;
			buildSettings = {
				ASSETCATALOG_COMPILER_APPICON_NAME = AppIcon;
				ASSETCATALOG_COMPILER_GLOBAL_ACCENT_COLOR_NAME = AccentColor;
				CODE_SIGN_STYLE = Automatic;
				CURRENT_PROJECT_VERSION = 1;
				DEVELOPMENT_ASSET_PATHS = "\"Bitatio/Preview Content\"";
				DEVELOPMENT_TEAM = 7XN48B7QZZ;
				ENABLE_PREVIEWS = YES;
				GENERATE_INFOPLIST_FILE = YES;
				INFOPLIST_KEY_UIApplicationSceneManifest_Generation = YES;
				INFOPLIST_KEY_UIApplicationSupportsIndirectInputEvents = YES;
				INFOPLIST_KEY_UILaunchScreen_Generation = YES;
				INFOPLIST_KEY_UISupportedInterfaceOrientations_iPad = "UIInterfaceOrientationPortrait UIInterfaceOrientationPortraitUpsideDown UIInterfaceOrientationLandscapeLeft UIInterfaceOrientationLandscapeRight";
				INFOPLIST_KEY_UISupportedInterfaceOrientations_iPhone = "UIInterfaceOrientationPortrait UIInterfaceOrientationLandscapeLeft UIInterfaceOrientationLandscapeRight";
				LD_RUNPATH_SEARCH_PATHS = (
					"$(inherited)",
					"@executable_path/Frameworks",
				);
				MARKETING_VERSION = 1.0;
				PRODUCT_BUNDLE_IDENTIFIER = dyrsin.Bitatio;
				PRODUCT_NAME = "$(TARGET_NAME)";
				SWIFT_EMIT_LOC_STRINGS = YES;
				SWIFT_VERSION = 5.0;
				TARGETED_DEVICE_FAMILY = "1,2";
			};
			name = Debug;
		};
		6215135A29D211AE003803F4 /* Release */ = {
			isa = XCBuildConfiguration;
			buildSettings = {
				ASSETCATALOG_COMPILER_APPICON_NAME = AppIcon;
				ASSETCATALOG_COMPILER_GLOBAL_ACCENT_COLOR_NAME = AccentColor;
				CODE_SIGN_STYLE = Automatic;
				CURRENT_PROJECT_VERSION = 1;
				DEVELOPMENT_ASSET_PATHS = "\"Bitatio/Preview Content\"";
				DEVELOPMENT_TEAM = 7XN48B7QZZ;
				ENABLE_PREVIEWS = YES;
				GENERATE_INFOPLIST_FILE = YES;
				INFOPLIST_KEY_UIApplicationSceneManifest_Generation = YES;
				INFOPLIST_KEY_UIApplicationSupportsIndirectInputEvents = YES;
				INFOPLIST_KEY_UILaunchScreen_Generation = YES;
				INFOPLIST_KEY_UISupportedInterfaceOrientations_iPad = "UIInterfaceOrientationPortrait UIInterfaceOrientationPortraitUpsideDown UIInterfaceOrientationLandscapeLeft UIInterfaceOrientationLandscapeRight";
				INFOPLIST_KEY_UISupportedInterfaceOrientations_iPhone = "UIInterfaceOrientationPortrait UIInterfaceOrientationLandscapeLeft UIInterfaceOrientationLandscapeRight";
				LD_RUNPATH_SEARCH_PATHS = (
					"$(inherited)",
					"@executable_path/Frameworks",
				);
				MARKETING_VERSION = 1.0;
				PRODUCT_BUNDLE_IDENTIFIER = dyrsin.Bitatio;
				PRODUCT_NAME = "$(TARGET_NAME)";
				SWIFT_EMIT_LOC_STRINGS = YES;
				SWIFT_VERSION = 5.0;
				TARGETED_DEVICE_FAMILY = "1,2";
			};
			name = Release;
		};
/* End XCBuildConfiguration section */

/* Begin XCConfigurationList section */
		6215134529D211AA003803F4 /* Build configuration list for PBXProject "Bitatio" */ = {
			isa = XCConfigurationList;
			buildConfigurations = (
				6215135629D211AE003803F4 /* Debug */,
				6215135729D211AE003803F4 /* Release */,
			);
			defaultConfigurationIsVisible = 0;
			defaultConfigurationName = Release;
		};
		6215135829D211AE003803F4 /* Build configuration list for PBXNativeTarget "Bitatio" */ = {
			isa = XCConfigurationList;
			buildConfigurations = (
				6215135929D211AE003803F4 /* Debug */,
				6215135A29D211AE003803F4 /* Release */,
			);
			defaultConfigurationIsVisible = 0;
			defaultConfigurationName = Release;
		};
/* End XCConfigurationList section */

/* Begin XCRemoteSwiftPackageReference section */
		6215136629D21912003803F4 /* XCRemoteSwiftPackageReference "supabase-swift" */ = {
			isa = XCRemoteSwiftPackageReference;
			repositoryURL = "https://github.com/supabase/supabase-swift.git";
			requirement = {
				kind = upToNextMajorVersion;
				minimumVersion = 0.2.1;
			};
		};
/* End XCRemoteSwiftPackageReference section */

/* Begin XCSwiftPackageProductDependency section */
		6215136729D21912003803F4 /* Supabase */ = {
			isa = XCSwiftPackageProductDependency;
			package = 6215136629D21912003803F4 /* XCRemoteSwiftPackageReference "supabase-swift" */;
			productName = Supabase;
		};
/* End XCSwiftPackageProductDependency section */
	};
	rootObject = 6215134229D211AA003803F4 /* Project object */;
}
